{"versions":{"Prime31/GoKit":"ce0cbb616f3c3a17580df5f5c42123e7399f5a81","ModestTree/Zenject":"ce0cbb616f3c3a17580df5f5c42123e7399f5a81","SocialPoint/Attributes/Tests":"1193f92027639132317263cb255248619b46f66a","SocialPoint/ServerSync/Tests":"1193f92027639132317263cb255248619b46f66a","SocialPoint/Events/Tests":"1193f92027639132317263cb255248619b46f66a","SocialPoint/Crash/Tests":"1193f92027639132317263cb255248619b46f66a","SocialPoint/AppRater/Tests":"1193f92027639132317263cb255248619b46f66a","Unity/TestTools":"1193f92027639132317263cb255248619b46f66a","SocialPoint/touchInput":"c9a83d3a7b1802b0f4e95159f9357377a1611b32","SocialPoint/AppEvents/Tests":"1193f92027639132317263cb255248619b46f66a","SocialPoint/Tests":"1193f92027639132317263cb255248619b46f66a","SocialPoint/Console":"1193f92027639132317263cb255248619b46f66a","SocialPoint/Alert/Android":"1193f92027639132317263cb255248619b46f66a","SocialPoint/Alert/Ios":"1193f92027639132317263cb255248619b46f66a","SocialPoint/Alert":"1193f92027639132317263cb255248619b46f66a","SocialPoint/Alert/Base":"1193f92027639132317263cb255248619b46f66a","SocialPoint/AppRater":"1193f92027639132317263cb255248619b46f66a","Google/BreakPad/Android":"1193f92027639132317263cb255248619b46f66a","SocialPoint/Crash/Android":"1193f92027639132317263cb255248619b46f66a","SocialPoint/Crash/Ios":"1193f92027639132317263cb255248619b46f66a","SocialPoint/Crash/Base":"1193f92027639132317263cb255248619b46f66a","SocialPoint/Crash":"1193f92027639132317263cb255248619b46f66a","SocialPoint/GUI":"1193f92027639132317263cb255248619b46f66a","SocialPoint/AppEvents/Android":"1193f92027639132317263cb255248619b46f66a","SocialPoint/AppEvents/Ios":"1193f92027639132317263cb255248619b46f66a","SocialPoint/AppEvents":"1193f92027639132317263cb255248619b46f66a","SocialPoint/AppEvents/Base":"1193f92027639132317263cb255248619b46f66a","SocialPoint/Events":"1193f92027639132317263cb255248619b46f66a","Google/PlayServices/Android":"1193f92027639132317263cb255248619b46f66a","SocialPoint/Hardware/Android":"1193f92027639132317263cb255248619b46f66a","SocialPoint/Hardware/Ios":"1193f92027639132317263cb255248619b46f66a","SocialPoint/Hardware":"1193f92027639132317263cb255248619b46f66a","SocialPoint/ServerSync":"1193f92027639132317263cb255248619b46f66a","SocialPoint/Hardware/Base":"1193f92027639132317263cb255248619b46f66a","SocialPoint/Login":"1193f92027639132317263cb255248619b46f66a","SocialPoint/IosKeychain":"1193f92027639132317263cb255248619b46f66a","SocialPoint/Attributes/Ios":"1193f92027639132317263cb255248619b46f66a","SocialPoint/XCodeEditor":"1193f92027639132317263cb255248619b46f66a","Ionic/Zlib":"1193f92027639132317263cb255248619b46f66a","SocialPoint/Base":"1193f92027639132317263cb255248619b46f66a","SocialPoint/Utils":"1193f92027639132317263cb255248619b46f66a","SocialPoint/IO":"1193f92027639132317263cb255248619b46f66a","LitJson":"1193f92027639132317263cb255248619b46f66a","SocialPoint/Attributes/LitJson":"1193f92027639132317263cb255248619b46f66a","SocialPoint/Attributes":"1193f92027639132317263cb255248619b46f66a","SocialPoint/Network":"1193f92027639132317263cb255248619b46f66a","SocialPoint/Network/Curl":"1193f92027639132317263cb255248619b46f66a"}}