{"versions":{"Prime31/GoKit":"ce0cbb616f3c3a17580df5f5c42123e7399f5a81","ModestTree/Zenject":"ce0cbb616f3c3a17580df5f5c42123e7399f5a81","SocialPoint/Attributes/Tests":"19f1b0aea31535cfb17857ec8c0cf6de88c49008","SocialPoint/ServerSync/Tests":"19f1b0aea31535cfb17857ec8c0cf6de88c49008","SocialPoint/Events/Tests":"19f1b0aea31535cfb17857ec8c0cf6de88c49008","SocialPoint/Crash/Tests":"19f1b0aea31535cfb17857ec8c0cf6de88c49008","SocialPoint/AppRater/Tests":"19f1b0aea31535cfb17857ec8c0cf6de88c49008","Unity/TestTools":"19f1b0aea31535cfb17857ec8c0cf6de88c49008","SocialPoint/touchInput":"c9a83d3a7b1802b0f4e95159f9357377a1611b32","SocialPoint/AppEvents/Tests":"19f1b0aea31535cfb17857ec8c0cf6de88c49008","SocialPoint/DeviceProfile":"140606309d543968f3b9d58564629393bae817cf","SocialPoint/Tests":"19f1b0aea31535cfb17857ec8c0cf6de88c49008","SocialPoint/Profiler":"19f1b0aea31535cfb17857ec8c0cf6de88c49008","SocialPoint/Console":"19f1b0aea31535cfb17857ec8c0cf6de88c49008","SocialPoint/Alert/Android":"19f1b0aea31535cfb17857ec8c0cf6de88c49008","SocialPoint/Alert/Ios":"19f1b0aea31535cfb17857ec8c0cf6de88c49008","SocialPoint/Alert":"19f1b0aea31535cfb17857ec8c0cf6de88c49008","SocialPoint/Alert/Base":"19f1b0aea31535cfb17857ec8c0cf6de88c49008","SocialPoint/AppRater":"19f1b0aea31535cfb17857ec8c0cf6de88c49008","Google/BreakPad/Android":"19f1b0aea31535cfb17857ec8c0cf6de88c49008","SocialPoint/Crash/Android":"19f1b0aea31535cfb17857ec8c0cf6de88c49008","SocialPoint/Crash/Ios":"19f1b0aea31535cfb17857ec8c0cf6de88c49008","SocialPoint/Crash/Base":"19f1b0aea31535cfb17857ec8c0cf6de88c49008","SocialPoint/Crash":"19f1b0aea31535cfb17857ec8c0cf6de88c49008","SocialPoint/GUI":"19f1b0aea31535cfb17857ec8c0cf6de88c49008","SocialPoint/AppEvents/Android":"19f1b0aea31535cfb17857ec8c0cf6de88c49008","SocialPoint/AppEvents/Ios":"19f1b0aea31535cfb17857ec8c0cf6de88c49008","SocialPoint/AppEvents":"19f1b0aea31535cfb17857ec8c0cf6de88c49008","SocialPoint/AppEvents/Base":"19f1b0aea31535cfb17857ec8c0cf6de88c49008","SocialPoint/Events":"19f1b0aea31535cfb17857ec8c0cf6de88c49008","Google/PlayServices/Android":"19f1b0aea31535cfb17857ec8c0cf6de88c49008","SocialPoint/Hardware/Android":"19f1b0aea31535cfb17857ec8c0cf6de88c49008","SocialPoint/Hardware/Ios":"19f1b0aea31535cfb17857ec8c0cf6de88c49008","SocialPoint/Hardware":"19f1b0aea31535cfb17857ec8c0cf6de88c49008","SocialPoint/ServerSync":"19f1b0aea31535cfb17857ec8c0cf6de88c49008","SocialPoint/Hardware/Base":"19f1b0aea31535cfb17857ec8c0cf6de88c49008","SocialPoint/Login":"19f1b0aea31535cfb17857ec8c0cf6de88c49008","SocialPoint/IosKeychain":"19f1b0aea31535cfb17857ec8c0cf6de88c49008","SocialPoint/Attributes/Ios":"19f1b0aea31535cfb17857ec8c0cf6de88c49008","SocialPoint/XCodeEditor":"19f1b0aea31535cfb17857ec8c0cf6de88c49008","Ionic/Zlib":"19f1b0aea31535cfb17857ec8c0cf6de88c49008","SocialPoint/Base":"19f1b0aea31535cfb17857ec8c0cf6de88c49008","SocialPoint/Utils":"19f1b0aea31535cfb17857ec8c0cf6de88c49008","SocialPoint/IO":"19f1b0aea31535cfb17857ec8c0cf6de88c49008","LitJson":"19f1b0aea31535cfb17857ec8c0cf6de88c49008","SocialPoint/Attributes/LitJson":"19f1b0aea31535cfb17857ec8c0cf6de88c49008","SocialPoint/Attributes":"19f1b0aea31535cfb17857ec8c0cf6de88c49008","SocialPoint/Network":"19f1b0aea31535cfb17857ec8c0cf6de88c49008","SocialPoint/Network/Curl":"19f1b0aea31535cfb17857ec8c0cf6de88c49008"}}