
{
    "versions" : {
        "SocialPoint/Network/Curl" : "7b9be1f76e57bc899440b1183ea6f8435b90c33e",
        "SocialPoint/Base/Android" : "4e333628780e4b90fdf37bc6a1d856f3fadc4709",
        "SocialPoint/Base"         : "6eec7bc287378ebb08cf8368627adc6f16d76007",
        "SocialPoint/Network"      : "7b9be1f76e57bc899440b1183ea6f8435b90c33e",
        "SocialPoint/Attributes"   : "6eec7bc287378ebb08cf8368627adc6f16d76007",
        "SocialPoint/Attributes/LitJson" : "6eec7bc287378ebb08cf8368627adc6f16d76007",
        "LitJson"                        : "fe5e159cf0f3cb238d2e9a33a13d1f392bf192ae",
        "SocialPoint/IO"                 : "92e7e0d6361964bf375030bdb0c0d3d8f15d712a",
        "SocialPoint/Utils"              : "6eec7bc287378ebb08cf8368627adc6f16d76007",
        "Ionic/Zlib"                     : "fe5e159cf0f3cb238d2e9a33a13d1f392bf192ae",
        "SocialPoint/XCodeEditor"        : "806227a0c583f19a216b2834b105bb7071032e0f",
        "SocialPoint/Attributes/Ios"     : "4e333628780e4b90fdf37bc6a1d856f3fadc4709",
        "SocialPoint/IosKeychain"        : "5751794299392915c3eab1a821de445c1449b5ba",
        "SocialPoint/Login"              : "7b9be1f76e57bc899440b1183ea6f8435b90c33e",
        "SocialPoint/Hardware/Base"      : "806227a0c583f19a216b2834b105bb7071032e0f",
        "SocialPoint/Login/Facebook"     : "4e333628780e4b90fdf37bc6a1d856f3fadc4709",
        "SocialPoint/Facebook"           : "4e333628780e4b90fdf37bc6a1d856f3fadc4709",
        "Facebook"                       : "5d319d05aa7ca6a8b4fa0a09be5792a00b0f0eee",
        "SocialPoint/Login/GameCenter"   : "b343d6d87f5285fefd8b0bb104221df288725660",
        "SocialPoint/GameCenter"         : "7b9be1f76e57bc899440b1183ea6f8435b90c33e",
        "SocialPoint/ServerSync"         : "7b9be1f76e57bc899440b1183ea6f8435b90c33e",
        "SocialPoint/AppEvents"          : "7b9be1f76e57bc899440b1183ea6f8435b90c33e",
        "SocialPoint/AppEvents/Ios"      : "7ed496f350e16070d8d315c8e3b46f130af03df3",
        "SocialPoint/AppEvents/Base"     : "7b9be1f76e57bc899440b1183ea6f8435b90c33e",
        "SocialPoint/AppEvents/Android"  : "d05efc6b2dca92706e1462bfff3ef9541b8b9865",
        "SocialPoint/Hardware"           : "806227a0c583f19a216b2834b105bb7071032e0f",
        "SocialPoint/Hardware/Ios"       : "bc60720c1b9169af04b1646d04b82cade33e38b4",
        "SocialPoint/Hardware/Android"   : "5536eec36e505d7bc373a6025bc42ce1db506e8c",
        "Google/PlayServices/Android"    : "a01cc12ee6d771bb82e6ef81baa79a732224e67c",
        "SocialPoint/Events"             : "7b9be1f76e57bc899440b1183ea6f8435b90c33e",
        "SocialPoint/Crash"              : "806227a0c583f19a216b2834b105bb7071032e0f",
        "SocialPoint/Crash/Base"         : "7b9be1f76e57bc899440b1183ea6f8435b90c33e",
        "SocialPoint/Crash/Ios"          : "114fb1f1d4e330ced3049896fbce73d775a94a9d",
        "SocialPoint/Crash/Android"      : "35fd68ca69e0137ac69a6588e45b6d93eff6bae8",
        "Google/BreakPad/Android"        : "5d319d05aa7ca6a8b4fa0a09be5792a00b0f0eee",
        "SocialPoint/GUI"                : "6eec7bc287378ebb08cf8368627adc6f16d76007",
        "SocialPoint/Rating"             : "7cebd0e26660909ccfe50344eb6102fc37b5d9f1",
        "SocialPoint/Alert/Base"         : "7b9be1f76e57bc899440b1183ea6f8435b90c33e",
        "SocialPoint/Alert"              : "806227a0c583f19a216b2834b105bb7071032e0f",
        "SocialPoint/Alert/Ios"          : "5536eec36e505d7bc373a6025bc42ce1db506e8c",
        "SocialPoint/Alert/Android"      : "5536eec36e505d7bc373a6025bc42ce1db506e8c",
        "SocialPoint/Console"            : "837e8678e7ad878e5e06a21ad168f1c8b38339b9",
        "SocialPoint/Profiler"           : "6eec7bc287378ebb08cf8368627adc6f16d76007",
        "SocialPoint/Tests"              : "6eec7bc287378ebb08cf8368627adc6f16d76007",
        "SocialPoint/AppEvents/Tests"    : "7ed496f350e16070d8d315c8e3b46f130af03df3",
        "Unity/TestTools"                : "b4940124267d6f54cd567724c3c7f81f2e76882a",
        "SocialPoint/Rating/Tests"       : "5536eec36e505d7bc373a6025bc42ce1db506e8c",
        "SocialPoint/Crash/Tests"        : "92e7e0d6361964bf375030bdb0c0d3d8f15d712a",
        "SocialPoint/Events/Tests"       : "077a5faf472e0105f7c357087883646233d039a6",
        "SocialPoint/Login/Tests"        : "5536eec36e505d7bc373a6025bc42ce1db506e8c",
        "SocialPoint/ServerSync/Tests"   : "806227a0c583f19a216b2834b105bb7071032e0f",
        "SocialPoint/Attributes/Tests"   : "4e333628780e4b90fdf37bc6a1d856f3fadc4709",
        "SocialPoint/Utils/Tests"        : "79351f8b8ea9147be9afec05dd9595e075dac206",
        "SocialPoint/Locale"             : "7b9be1f76e57bc899440b1183ea6f8435b90c33e",
        "SocialPoint/QualityStats"       : "6eec7bc287378ebb08cf8368627adc6f16d76007",
        "SocialPoint/Purchase/Ios"       : "d05efc6b2dca92706e1462bfff3ef9541b8b9865",
        "SocialPoint/Purchase"           : "6eec7bc287378ebb08cf8368627adc6f16d76007",
        "Prime31/StoreKit"               : "7cebd0e26660909ccfe50344eb6102fc37b5d9f1",
        "Prime31/Base"                   : "5d319d05aa7ca6a8b4fa0a09be5792a00b0f0eee",
        "SocialPoint/Purchase/Android"   : "d05efc6b2dca92706e1462bfff3ef9541b8b9865",
        "OpenIAB"                        : "5d319d05aa7ca6a8b4fa0a09be5792a00b0f0eee",
        "SocialPoint/Notifications/Ios"  : "837e8678e7ad878e5e06a21ad168f1c8b38339b9",
        "SocialPoint/Notifications"      : "077a5faf472e0105f7c357087883646233d039a6",
        "SocialPoint/Notifications/Android" : "077a5faf472e0105f7c357087883646233d039a6",
        "SocialPoint/GameLoading"           : "7b9be1f76e57bc899440b1183ea6f8435b90c33e",
        "SocialPoint/AdminPanel"            : "7b9be1f76e57bc899440b1183ea6f8435b90c33e",
        "SocialPoint/AppEvents/AdminPanel"  : "7b9be1f76e57bc899440b1183ea6f8435b90c33e",
        "SocialPoint/Crash/AdminPanel"      : "7b9be1f76e57bc899440b1183ea6f8435b90c33e",
        "SocialPoint/Hardware/AdminPanel"   : "35fd68ca69e0137ac69a6588e45b6d93eff6bae8",
        "SocialPoint/Login/AdminPanel"      : "35fd68ca69e0137ac69a6588e45b6d93eff6bae8",
        "SocialPoint/Profiler/AdminPanel"   : "6eec7bc287378ebb08cf8368627adc6f16d76007",
        "SocialPoint/Utils/AdminPanel"      : "35fd68ca69e0137ac69a6588e45b6d93eff6bae8",
        "SocialPoint/Rating/AdminPanel"     : "35fd68ca69e0137ac69a6588e45b6d93eff6bae8",
        "ModestTree/Zenject"                : "ce0cbb616f3c3a17580df5f5c42123e7399f5a81",
        "Prime31/GoKit"                     : "ce0cbb616f3c3a17580df5f5c42123e7399f5a81",
        "BuildReport"                       : "73208b3ff931d97e6ec0f28ef4ace28f95cc523d"
    },
    "dependencies" : {
        "SocialPoint/BaseGame" : [
            "SocialPoint/Network/Curl",
            "SocialPoint/Base/Android",
            "SocialPoint/Base",
            "SocialPoint/Network",
            "SocialPoint/Attributes",
            "SocialPoint/Attributes/LitJson",
            "LitJson",
            "SocialPoint/IO",
            "SocialPoint/Utils",
            "Ionic/Zlib",
            "SocialPoint/XCodeEditor",
            "SocialPoint/Attributes/Ios",
            "SocialPoint/IosKeychain",
            "SocialPoint/Login",
            "SocialPoint/Hardware/Base",
            "SocialPoint/Login/Facebook",
            "SocialPoint/Facebook",
            "Facebook",
            "SocialPoint/Login/GameCenter",
            "SocialPoint/GameCenter",
            "SocialPoint/ServerSync",
            "SocialPoint/AppEvents",
            "SocialPoint/AppEvents/Ios",
            "SocialPoint/AppEvents/Base",
            "SocialPoint/AppEvents/Android",
            "SocialPoint/Hardware",
            "SocialPoint/Hardware/Ios",
            "SocialPoint/Hardware/Android",
            "Google/PlayServices/Android",
            "SocialPoint/Events",
            "SocialPoint/Crash",
            "SocialPoint/Crash/Base",
            "SocialPoint/Crash/Ios",
            "SocialPoint/Crash/Android",
            "Google/BreakPad/Android",
            "SocialPoint/GUI",
            "SocialPoint/Rating",
            "SocialPoint/Alert/Base",
            "SocialPoint/Alert",
            "SocialPoint/Alert/Ios",
            "SocialPoint/Alert/Android",
            "SocialPoint/Console",
            "SocialPoint/Profiler",
            "SocialPoint/Tests",
            "SocialPoint/AppEvents/Tests",
            "Unity/TestTools",
            "SocialPoint/Rating/Tests",
            "SocialPoint/Crash/Tests",
            "SocialPoint/Events/Tests",
            "SocialPoint/Login/Tests",
            "SocialPoint/ServerSync/Tests",
            "SocialPoint/Attributes/Tests",
            "SocialPoint/Utils/Tests",
            "SocialPoint/Locale",
            "SocialPoint/QualityStats",
            "SocialPoint/Purchase/Ios",
            "SocialPoint/Purchase",
            "Prime31/StoreKit",
            "Prime31/Base",
            "SocialPoint/Purchase/Android",
            "OpenIAB",
            "SocialPoint/Notifications/Ios",
            "SocialPoint/Notifications",
            "SocialPoint/Notifications/Android",
            "SocialPoint/GameLoading",
            "SocialPoint/AdminPanel",
            "SocialPoint/AppEvents/AdminPanel",
            "SocialPoint/Crash/AdminPanel",
            "SocialPoint/Hardware/AdminPanel",
            "SocialPoint/Login/AdminPanel",
            "SocialPoint/Profiler/AdminPanel",
            "SocialPoint/Utils/AdminPanel",
            "SocialPoint/Rating/AdminPanel",
            "ModestTree/Zenject",
            "Prime31/GoKit",
            "BuildReport"
        ],
        "SocialPoint/Network/Curl" : [
            "SocialPoint/Base/Android",
            "SocialPoint/Base",
            "SocialPoint/Network",
            "SocialPoint/Attributes",
            "SocialPoint/Attributes/LitJson",
            "LitJson",
            "SocialPoint/IO",
            "SocialPoint/Utils",
            "Ionic/Zlib",
            "SocialPoint/XCodeEditor"
        ],
        "SocialPoint/Base/Android" : [
            "SocialPoint/Base"
        ],
        "SocialPoint/Network"      : [
            "SocialPoint/Attributes",
            "SocialPoint/Attributes/LitJson",
            "LitJson",
            "SocialPoint/IO",
            "SocialPoint/Utils",
            "Ionic/Zlib"
        ],
        "SocialPoint/Attributes"   : [
            "SocialPoint/Attributes/LitJson",
            "LitJson",
            "SocialPoint/IO",
            "SocialPoint/Utils"
        ],
        "SocialPoint/Attributes/LitJson" : [
            "LitJson"
        ],
        "SocialPoint/IO"                 : [
            "SocialPoint/Utils"
        ],
        "SocialPoint/Attributes/Ios"     : [
            "SocialPoint/IosKeychain"
        ],
        "SocialPoint/Login"              : [
            "SocialPoint/Hardware/Base"
        ],
        "SocialPoint/Login/Facebook"     : [
            "SocialPoint/Facebook",
            "Facebook"
        ],
        "SocialPoint/Facebook"           : [
            "Facebook"
        ],
        "SocialPoint/Login/GameCenter"   : [
            "SocialPoint/GameCenter"
        ],
        "SocialPoint/ServerSync"         : [
            "SocialPoint/AppEvents",
            "SocialPoint/AppEvents/Ios",
            "SocialPoint/AppEvents/Base",
            "SocialPoint/AppEvents/Android"
        ],
        "SocialPoint/AppEvents"          : [
            "SocialPoint/AppEvents/Ios",
            "SocialPoint/AppEvents/Base",
            "SocialPoint/AppEvents/Android"
        ],
        "SocialPoint/AppEvents/Ios"      : [
            "SocialPoint/AppEvents/Base"
        ],
        "SocialPoint/Hardware"           : [
            "SocialPoint/Hardware/Ios",
            "SocialPoint/Hardware/Android",
            "Google/PlayServices/Android"
        ],
        "SocialPoint/Hardware/Android"   : [
            "Google/PlayServices/Android"
        ],
        "SocialPoint/Events"             : [
            "SocialPoint/Crash",
            "SocialPoint/Crash/Base",
            "SocialPoint/Crash/Ios",
            "SocialPoint/Crash/Android",
            "Google/BreakPad/Android"
        ],
        "SocialPoint/Crash"              : [
            "SocialPoint/Crash/Base",
            "SocialPoint/Crash/Ios",
            "SocialPoint/Crash/Android",
            "Google/BreakPad/Android"
        ],
        "SocialPoint/Crash/Android"      : [
            "Google/BreakPad/Android"
        ],
        "SocialPoint/Rating"             : [
            "SocialPoint/Alert/Base"
        ],
        "SocialPoint/Alert"              : [
            "SocialPoint/Alert/Ios",
            "SocialPoint/Alert/Android"
        ],
        "SocialPoint/Tests"              : [
            "SocialPoint/AppEvents/Tests",
            "Unity/TestTools",
            "SocialPoint/Rating/Tests",
            "SocialPoint/Crash/Tests",
            "SocialPoint/Events/Tests",
            "SocialPoint/Login/Tests",
            "SocialPoint/ServerSync/Tests",
            "SocialPoint/Attributes/Tests",
            "SocialPoint/Utils/Tests"
        ],
        "SocialPoint/AppEvents/Tests"    : [
            "Unity/TestTools"
        ],
        "SocialPoint/Purchase/Ios"       : [
            "SocialPoint/Purchase",
            "Prime31/StoreKit",
            "Prime31/Base"
        ],
        "Prime31/StoreKit"               : [
            "Prime31/Base"
        ],
        "SocialPoint/Purchase/Android"   : [
            "OpenIAB"
        ],
        "SocialPoint/Notifications/Ios"  : [
            "SocialPoint/Notifications"
        ]
    }
}