
Microsoft Visual Studio Solution File, Format Version 12.00
# Visual Studio 14
VisualStudioVersion = 14.0.25123.0
MinimumVisualStudioVersion = 10.0.40219.1
Project("{FAE04EC0-301F-11D3-BF4B-00C04F79EFBC}") = "LockstepBot", "..\..\..\Assets\Plugins\Sparta\Hidden~\Standalone\Photon\LockstepBot\LockstepBot.csproj", "{4C79C300-BAD3-465D-B591-AE5E5E4F16E3}"
	ProjectSection(ProjectDependencies) = postProject
		{D43E9ADC-17AD-49A3-8931-3FA2247C7F9E} = {D43E9ADC-17AD-49A3-8931-3FA2247C7F9E}
	EndProjectSection
EndProject
Project("{FAE04EC0-301F-11D3-BF4B-00C04F79EFBC}") = "LockstepSparta", "..\..\..\Assets\Plugins\Sparta\Hidden~\Standalone\Photon\LockstepPlugin\LockstepSparta.csproj", "{4BA8EA51-7FEA-4E0F-8103-386FFFFD6001}"
EndProject
Project("{FAE04EC0-301F-11D3-BF4B-00C04F79EFBC}") = "StarDust.S2S.Server", "..\..\..\Assets\Plugins\Sparta\Hidden~\Standalone\Photon\Bot\StarDust.S2S\StarDust.S2S.Server.csproj", "{A8CD69C4-6329-4466-8C77-18CBD1D4F162}"
EndProject
Project("{FAE04EC0-301F-11D3-BF4B-00C04F79EFBC}") = "LockstepGameLogic", "..\LockstepGameLogic\LockstepGameLogic.csproj", "{D43E9ADC-17AD-49A3-8931-3FA2247C7F9E}"
EndProject
Global
	GlobalSection(SolutionConfigurationPlatforms) = preSolution
		Debug|Any CPU = Debug|Any CPU
		Release|Any CPU = Release|Any CPU
	EndGlobalSection
	GlobalSection(ProjectConfigurationPlatforms) = postSolution
		{4BA8EA51-7FEA-4E0F-8103-386FFFFD6001}.Debug|Any CPU.ActiveCfg = Debug|Any CPU
		{4BA8EA51-7FEA-4E0F-8103-386FFFFD6001}.Debug|Any CPU.Build.0 = Debug|Any CPU
		{4BA8EA51-7FEA-4E0F-8103-386FFFFD6001}.Release|Any CPU.ActiveCfg = Release|Any CPU
		{4BA8EA51-7FEA-4E0F-8103-386FFFFD6001}.Release|Any CPU.Build.0 = Release|Any CPU
		{4C79C300-BAD3-465D-B591-AE5E5E4F16E3}.Debug|Any CPU.ActiveCfg = Debug|Any CPU
		{4C79C300-BAD3-465D-B591-AE5E5E4F16E3}.Debug|Any CPU.Build.0 = Debug|Any CPU
		{4C79C300-BAD3-465D-B591-AE5E5E4F16E3}.Release|Any CPU.ActiveCfg = Release|Any CPU
		{4C79C300-BAD3-465D-B591-AE5E5E4F16E3}.Release|Any CPU.Build.0 = Release|Any CPU
		{A8CD69C4-6329-4466-8C77-18CBD1D4F162}.Debug|Any CPU.ActiveCfg = Debug|Any CPU
		{A8CD69C4-6329-4466-8C77-18CBD1D4F162}.Debug|Any CPU.Build.0 = Debug|Any CPU
		{A8CD69C4-6329-4466-8C77-18CBD1D4F162}.Release|Any CPU.ActiveCfg = Release|Any CPU
		{A8CD69C4-6329-4466-8C77-18CBD1D4F162}.Release|Any CPU.Build.0 = Release|Any CPU
		{D43E9ADC-17AD-49A3-8931-3FA2247C7F9E}.Debug|Any CPU.ActiveCfg = Debug|Any CPU
		{D43E9ADC-17AD-49A3-8931-3FA2247C7F9E}.Debug|Any CPU.Build.0 = Debug|Any CPU
		{D43E9ADC-17AD-49A3-8931-3FA2247C7F9E}.Release|Any CPU.ActiveCfg = Release|Any CPU
		{D43E9ADC-17AD-49A3-8931-3FA2247C7F9E}.Release|Any CPU.Build.0 = Release|Any CPU
	EndGlobalSection
	GlobalSection(SolutionProperties) = preSolution
		HideSolutionNode = FALSE
	EndGlobalSection
EndGlobal
